
Microsoft Visual Studio Solution File, Format Version 12.00
# Visual Studio Version 17
VisualStudioVersion = 17.6.33815.320
MinimumVisualStudioVersion = 10.0.40219.1
Project("{FAE04EC0-301F-11D3-BF4B-00C04F79EFBC}") = "VidShare.API", "VidShare.API\VidShare.API.csproj", "{65619AAC-D26D-4628-9284-2ECEC7B5EF75}"
EndProject
Project("{FAE04EC0-301F-11D3-BF4B-00C04F79EFBC}") = "VidShare.Core", "VidShare.Core\VidShare.Core.csproj", "{C5460503-6263-485B-A453-713D2F124D49}"
EndProject
Project("{FAE04EC0-301F-11D3-BF4B-00C04F79EFBC}") = "VidShare.Data", "VidShare.Data\VidShare.Data.csproj", "{37672BE2-6E08-48EA-AED6-4F317F6CB390}"
EndProject
Project("{FAE04EC0-301F-11D3-BF4B-00C04F79EFBC}") = "VidShare.Service", "VidShare.Service\VidShare.Service.csproj", "{690BA402-91C3-4518-BC4D-634137CB9B06}"
EndProject
Global
	GlobalSection(SolutionConfigurationPlatforms) = preSolution
		Debug|Any CPU = Debug|Any CPU
		Release|Any CPU = Release|Any CPU
	EndGlobalSection
	GlobalSection(ProjectConfigurationPlatforms) = postSolution
		{65619AAC-D26D-4628-9284-2ECEC7B5EF75}.Debug|Any CPU.ActiveCfg = Debug|Any CPU
		{65619AAC-D26D-4628-9284-2ECEC7B5EF75}.Debug|Any CPU.Build.0 = Debug|Any CPU
		{65619AAC-D26D-4628-9284-2ECEC7B5EF75}.Release|Any CPU.ActiveCfg = Release|Any CPU
		{65619AAC-D26D-4628-9284-2ECEC7B5EF75}.Release|Any CPU.Build.0 = Release|Any CPU
		{C5460503-6263-485B-A453-713D2F124D49}.Debug|Any CPU.ActiveCfg = Debug|Any CPU
		{C5460503-6263-485B-A453-713D2F124D49}.Debug|Any CPU.Build.0 = Debug|Any CPU
		{C5460503-6263-485B-A453-713D2F124D49}.Release|Any CPU.ActiveCfg = Release|Any CPU
		{C5460503-6263-485B-A453-713D2F124D49}.Release|Any CPU.Build.0 = Release|Any CPU
		{37672BE2-6E08-48EA-AED6-4F317F6CB390}.Debug|Any CPU.ActiveCfg = Debug|Any CPU
		{37672BE2-6E08-48EA-AED6-4F317F6CB390}.Debug|Any CPU.Build.0 = Debug|Any CPU
		{37672BE2-6E08-48EA-AED6-4F317F6CB390}.Release|Any CPU.ActiveCfg = Release|Any CPU
		{37672BE2-6E08-48EA-AED6-4F317F6CB390}.Release|Any CPU.Build.0 = Release|Any CPU
		{690BA402-91C3-4518-BC4D-634137CB9B06}.Debug|Any CPU.ActiveCfg = Debug|Any CPU
		{690BA402-91C3-4518-BC4D-634137CB9B06}.Debug|Any CPU.Build.0 = Debug|Any CPU
		{690BA402-91C3-4518-BC4D-634137CB9B06}.Release|Any CPU.ActiveCfg = Release|Any CPU
		{690BA402-91C3-4518-BC4D-634137CB9B06}.Release|Any CPU.Build.0 = Release|Any CPU
	EndGlobalSection
	GlobalSection(SolutionProperties) = preSolution
		HideSolutionNode = FALSE
	EndGlobalSection
	GlobalSection(ExtensibilityGlobals) = postSolution
		SolutionGuid = {9182535C-E5FF-4DBE-9AB0-17185BB17A6E}
	EndGlobalSection
EndGlobal
